
Microsoft Visual Studio Solution File, Format Version 12.00
# Visual Studio Version 17
VisualStudioVersion = 17.10.35201.131
MinimumVisualStudioVersion = 10.0.40219.1
Project("{FAE04EC0-301F-11D3-BF4B-00C04F79EFBC}") = "Biblioteca", "Biblioteca\Biblioteca.csproj", "{494529BF-8A53-41FA-BE75-92416D559CD0}"
EndProject
Global
	GlobalSection(SolutionConfigurationPlatforms) = preSolution
		Debug|Any CPU = Debug|Any CPU
		Release|Any CPU = Release|Any CPU
	EndGlobalSection
	GlobalSection(ProjectConfigurationPlatforms) = postSolution
		{494529BF-8A53-41FA-BE75-92416D559CD0}.Debug|Any CPU.ActiveCfg = Debug|Any CPU
		{494529BF-8A53-41FA-BE75-92416D559CD0}.Debug|Any CPU.Build.0 = Debug|Any CPU
		{494529BF-8A53-41FA-BE75-92416D559CD0}.Release|Any CPU.ActiveCfg = Release|Any CPU
		{494529BF-8A53-41FA-BE75-92416D559CD0}.Release|Any CPU.Build.0 = Release|Any CPU
	EndGlobalSection
	GlobalSection(SolutionProperties) = preSolution
		HideSolutionNode = FALSE
	EndGlobalSection
	GlobalSection(ExtensibilityGlobals) = postSolution
		SolutionGuid = {7EF380EA-E450-4F65-B90D-E6806C9120A4}
	EndGlobalSection
EndGlobal
